# This file is autogenerated, do not edit; changes may be undone by the next 'dep ensure'.


[[projects]]
  name = "github.com/SermoDigital/jose"
  packages = [
    ".",
    "crypto",
    "jws",
    "jwt"
  ]
  revision = "f6df55f235c24f236d11dbcf665249a59ac2021f"
  version = "1.1"

[[projects]]
  name = "github.com/ant0ine/go-json-rest"
  packages = [
    "rest",
    "rest/trie"
  ]
  revision = "ce4b71cdf7ba29ef443d704bd923f5bbf281ee30"
  version = "v3.3.2"

[[projects]]
  branch = "master"
  name = "github.com/matryer/m"
  packages = ["."]
  revision = "7b88c198421605a9d72fa0d48dbff9df2619962a"

[[projects]]
  name = "github.com/matryer/silk"
  packages = [
    "parse",
    "runner"
  ]
  revision = "720c541db50076a22077fbcf4a971c0f26a6adf3"
  version = "0.5.1"

[solve-meta]
  analyzer-name = "dep"
  analyzer-version = 1
  inputs-digest = "145712adb6715525f71263b507ff7a2fb3be6ebd123e078b3aba679c137e4abf"
  solver-name = "gps-cdcl"
  solver-version = 1
